version = 1
revision = 2
requires-python = ">=3.13"

[[package]]
name = "graphql-core"
version = "3.2.6"
source = { registry = "https://pypi.org/simple" }
sdist = { url = "https://files.pythonhosted.org/packages/c4/16/7574029da84834349b60ed71614d66ca3afe46e9bf9c7b9562102acb7d4f/graphql_core-3.2.6.tar.gz", hash = "sha256:c08eec22f9e40f0bd61d805907e3b3b1b9a320bc606e23dc145eebca07c8fbab", size = 505353, upload-time = "2025-01-26T16:36:27.374Z" }
wheels = [
    { url = "https://files.pythonhosted.org/packages/ae/4f/7297663840621022bc73c22d7d9d80dbc78b4db6297f764b545cd5dd462d/graphql_core-3.2.6-py3-none-any.whl", hash = "sha256:78b016718c161a6fb20a7d97bbf107f331cd1afe53e45566c59f776ed7f0b45f", size = 203416, upload-time = "2025-01-26T16:36:24.868Z" },
]

[[package]]
name = "sf6gg"
version = "0.1.0"
source = { editable = "." }
dependencies = [
    { name = "sgqlc" },
]

[package.metadata]
requires-dist = [{ name = "sgqlc", specifier = ">=16.5" }]

[[package]]
name = "sgqlc"
version = "16.5"
source = { registry = "https://pypi.org/simple" }
dependencies = [
    { name = "graphql-core" },
]
sdist = { url = "https://files.pythonhosted.org/packages/df/d9/84bb065daa089fd1609f3216f5a1703ed9df7be5e1ac04a330194dee8d75/sgqlc-16.5.tar.gz", hash = "sha256:93edcd29ee138f5305d13f211a2b2091bd77873c404c87b87ae16a4023c62d4a", size = 241469, upload-time = "2025-06-04T18:45:33.056Z" }
wheels = [
    { url = "https://files.pythonhosted.org/packages/ed/62/5b62d18b090546d978ad3788a027603f87b898b53b9772917bcf0eef846c/sgqlc-16.5-py3-none-any.whl", hash = "sha256:56952622e3fcd771e079de290cf8a244dc014cbd9b65059d04f262ec8d8f0f44", size = 82485, upload-time = "2025-06-04T18:45:30.046Z" },
]
